{
  "name": "love-kitchen-miniprogram",
  "version": "1.0.0",
  "lockfileVersion": 3,
  "requires": true,
  "packages": {
    "": {
      "name": "love-kitchen-miniprogram",
      "version": "1.0.0",
      "dependencies": {
        "@cloudbase/wx-cloud-client-sdk": "^1.8.10"
      }
    },
    "node_modules/@cloudbase/adapter-interface": {
      "version": "0.7.1",
      "resolved": "https://registry.npmjs.org/@cloudbase/adapter-interface/-/adapter-interface-0.7.1.tgz",
      "integrity": "sha512-BjHTAvIMSLxbp26SeT6qLiSSBygz3kAVno/PMwwBwjgzVkVUvuZGVcvf1mhHxY/BjdRGLrd6X60OgvymV/aAUw==",
      "license": "ISC"
    },
    "node_modules/@cloudbase/adapter-wx_mp": {
      "version": "1.4.0",
      "resolved": "https://registry.npmjs.org/@cloudbase/adapter-wx_mp/-/adapter-wx_mp-1.4.0.tgz",
      "integrity": "sha512-6HM4IUS1qF7rjbl7v0mX6lO9l9QplSP9NwSnWTLwBRveLyGyXez2G2XSLI4AJkJAoQNo9Lw451u3Okt3OH2png==",
      "license": "ISC",
      "dependencies": {
        "@cloudbase/adapter-interface": "^0.7.0",
        "web-streams-polyfill": "^4.0.0"
      }
    },
    "node_modules/@cloudbase/wx-cloud-client-sdk": {
      "version": "1.8.10",
      "resolved": "https://registry.npmjs.org/@cloudbase/wx-cloud-client-sdk/-/wx-cloud-client-sdk-1.8.10.tgz",
      "integrity": "sha512-XtWR1zNwKUqnAK1psvhK93EUnZBWhVorUdA1lHNWyI661YsdpLcxPRiX+/yoIrTo24MJyd/KguSuHluq3hsHqA==",
      "dependencies": {
        "@cloudbase/adapter-wx_mp": "^1.2.1",
        "core-js-pure": "^3.45.0"
      }
    },
    "node_modules/core-js-pure": {
      "version": "3.50.0",
      "resolved": "https://registry.npmjs.org/core-js-pure/-/core-js-pure-3.50.0.tgz",
      "integrity": "sha512-6GP3Pxz4IKyWjAfa747vIu/jilB5z29JWROLqH/b+pXVcpgh6tM06ZIBwSuglgVqzDYURhOK6oEzTrG0bCHitA==",
      "hasInstallScript": true,
      "license": "MIT",
      "engines": {
        "node": "*"
      },
      "funding": {
        "type": "opencollective",
        "url": "https://opencollective.com/core-js"
      }
    },
    "node_modules/web-streams-polyfill": {
      "version": "4.3.0",
      "resolved": "https://registry.npmjs.org/web-streams-polyfill/-/web-streams-polyfill-4.3.0.tgz",
      "integrity": "sha512-/Gnggvj9oSrEvJbDyyPtAnxBt5fGQM2iWOKQNu7ie1OxDgK40iZpyV3TKaRiEzVj1oA1UxKnEy9XPXh6PW3eVw==",
      "license": "MIT",
      "workspaces": [
        "test/benchmark-test",
        "test/rollup-test",
        "test/webpack-test"
      ],
      "engines": {
        "node": ">= 8"
      }
    }
  }
}
